
Microsoft Visual Studio Solution File, Format Version 12.00
# Visual Studio Version 16
VisualStudioVersion = 16.0.30611.23
MinimumVisualStudioVersion = 10.0.40219.1
Project("{9A19103F-16F7-4668-BE54-9A1E7A4F7556}") = "MassEmailSender.App", "MassEmailSender.App\MassEmailSender.App.csproj", "{04A14DFE-75CB-403C-8B91-E345FBF5D6AD}"
EndProject
Project("{9A19103F-16F7-4668-BE54-9A1E7A4F7556}") = "MassEmailSender.Domain", "MassEmailSender.Domain\MassEmailSender.Domain.csproj", "{2E9F1A29-12D1-4111-8E07-ACF295B4210F}"
EndProject
Project("{9A19103F-16F7-4668-BE54-9A1E7A4F7556}") = "MassEmailSender.Services", "MassEmailSender.Services\MassEmailSender.Services.csproj", "{67EED6F3-B184-4A6F-82E2-321DF1F08003}"
EndProject
Global
	GlobalSection(SolutionConfigurationPlatforms) = preSolution
		Debug|Any CPU = Debug|Any CPU
		Release|Any CPU = Release|Any CPU
	EndGlobalSection
	GlobalSection(ProjectConfigurationPlatforms) = postSolution
		{04A14DFE-75CB-403C-8B91-E345FBF5D6AD}.Debug|Any CPU.ActiveCfg = Debug|Any CPU
		{04A14DFE-75CB-403C-8B91-E345FBF5D6AD}.Debug|Any CPU.Build.0 = Debug|Any CPU
		{04A14DFE-75CB-403C-8B91-E345FBF5D6AD}.Release|Any CPU.ActiveCfg = Release|Any CPU
		{04A14DFE-75CB-403C-8B91-E345FBF5D6AD}.Release|Any CPU.Build.0 = Release|Any CPU
		{2E9F1A29-12D1-4111-8E07-ACF295B4210F}.Debug|Any CPU.ActiveCfg = Debug|Any CPU
		{2E9F1A29-12D1-4111-8E07-ACF295B4210F}.Debug|Any CPU.Build.0 = Debug|Any CPU
		{2E9F1A29-12D1-4111-8E07-ACF295B4210F}.Release|Any CPU.ActiveCfg = Release|Any CPU
		{2E9F1A29-12D1-4111-8E07-ACF295B4210F}.Release|Any CPU.Build.0 = Release|Any CPU
		{67EED6F3-B184-4A6F-82E2-321DF1F08003}.Debug|Any CPU.ActiveCfg = Debug|Any CPU
		{67EED6F3-B184-4A6F-82E2-321DF1F08003}.Debug|Any CPU.Build.0 = Debug|Any CPU
		{67EED6F3-B184-4A6F-82E2-321DF1F08003}.Release|Any CPU.ActiveCfg = Release|Any CPU
		{67EED6F3-B184-4A6F-82E2-321DF1F08003}.Release|Any CPU.Build.0 = Release|Any CPU
	EndGlobalSection
	GlobalSection(SolutionProperties) = preSolution
		HideSolutionNode = FALSE
	EndGlobalSection
	GlobalSection(ExtensibilityGlobals) = postSolution
		SolutionGuid = {F1BE3B4F-8204-4DDD-8303-1F934269A385}
	EndGlobalSection
EndGlobal
